
Microsoft Visual Studio Solution File, Format Version 12.00
# Visual Studio Version 17
VisualStudioVersion = 17.13.35825.156 d17.13
MinimumVisualStudioVersion = 10.0.40219.1
Project("{FAE04EC0-301F-11D3-BF4B-00C04F79EFBC}") = "Client", "Client\Client.csproj", "{A44A85D7-3D85-4E63-9D3C-397DF53B8F27}"
EndProject
Project("{FAE04EC0-301F-11D3-BF4B-00C04F79EFBC}") = "Server", "Server\Server.csproj", "{069204CF-820E-4D4E-99A9-4806945FA3AB}"
EndProject
Project("{FAE04EC0-301F-11D3-BF4B-00C04F79EFBC}") = "Shared", "Shared\Shared.csproj", "{552550E6-D6CC-4EC9-9A31-3B2BA13EF136}"
EndProject
Global
	GlobalSection(SolutionConfigurationPlatforms) = preSolution
		Debug|Any CPU = Debug|Any CPU
		Release|Any CPU = Release|Any CPU
	EndGlobalSection
	GlobalSection(ProjectConfigurationPlatforms) = postSolution
		{A44A85D7-3D85-4E63-9D3C-397DF53B8F27}.Debug|Any CPU.ActiveCfg = Debug|Any CPU
		{A44A85D7-3D85-4E63-9D3C-397DF53B8F27}.Debug|Any CPU.Build.0 = Debug|Any CPU
		{A44A85D7-3D85-4E63-9D3C-397DF53B8F27}.Release|Any CPU.ActiveCfg = Release|Any CPU
		{A44A85D7-3D85-4E63-9D3C-397DF53B8F27}.Release|Any CPU.Build.0 = Release|Any CPU
		{069204CF-820E-4D4E-99A9-4806945FA3AB}.Debug|Any CPU.ActiveCfg = Debug|Any CPU
		{069204CF-820E-4D4E-99A9-4806945FA3AB}.Debug|Any CPU.Build.0 = Debug|Any CPU
		{069204CF-820E-4D4E-99A9-4806945FA3AB}.Release|Any CPU.ActiveCfg = Release|Any CPU
		{069204CF-820E-4D4E-99A9-4806945FA3AB}.Release|Any CPU.Build.0 = Release|Any CPU
		{552550E6-D6CC-4EC9-9A31-3B2BA13EF136}.Debug|Any CPU.ActiveCfg = Debug|Any CPU
		{552550E6-D6CC-4EC9-9A31-3B2BA13EF136}.Debug|Any CPU.Build.0 = Debug|Any CPU
		{552550E6-D6CC-4EC9-9A31-3B2BA13EF136}.Release|Any CPU.ActiveCfg = Release|Any CPU
		{552550E6-D6CC-4EC9-9A31-3B2BA13EF136}.Release|Any CPU.Build.0 = Release|Any CPU
	EndGlobalSection
	GlobalSection(SolutionProperties) = preSolution
		HideSolutionNode = FALSE
	EndGlobalSection
	GlobalSection(ExtensibilityGlobals) = postSolution
		SolutionGuid = {ED551452-11B5-483D-AFE4-E4A91DFA8D8C}
	EndGlobalSection
EndGlobal
